
Microsoft Visual Studio Solution File, Format Version 12.00
# Visual Studio 2012
Project("{FAE04EC0-301F-11D3-BF4B-00C04F79EFBC}") = "Core", "Core\Core.csproj", "{47C7D9BF-4A91-4165-AE02-1B19566761F9}"
EndProject
Project("{FAE04EC0-301F-11D3-BF4B-00C04F79EFBC}") = "Touch", "Touch\Touch.csproj", "{BF7960BF-6041-4533-88D6-36286D7459D5}"
EndProject
Global
	GlobalSection(SolutionConfigurationPlatforms) = preSolution
		Debug|Any CPU = Debug|Any CPU
		Release|Any CPU = Release|Any CPU
	EndGlobalSection
	GlobalSection(ProjectConfigurationPlatforms) = postSolution
		{47C7D9BF-4A91-4165-AE02-1B19566761F9}.Debug|Any CPU.ActiveCfg = Debug|Any CPU
		{47C7D9BF-4A91-4165-AE02-1B19566761F9}.Debug|Any CPU.Build.0 = Debug|Any CPU
		{47C7D9BF-4A91-4165-AE02-1B19566761F9}.Release|Any CPU.ActiveCfg = Release|Any CPU
		{47C7D9BF-4A91-4165-AE02-1B19566761F9}.Release|Any CPU.Build.0 = Release|Any CPU
		{BF7960BF-6041-4533-88D6-36286D7459D5}.Debug|Any CPU.ActiveCfg = Debug|Any CPU
		{BF7960BF-6041-4533-88D6-36286D7459D5}.Debug|Any CPU.Build.0 = Debug|Any CPU
		{BF7960BF-6041-4533-88D6-36286D7459D5}.Release|Any CPU.ActiveCfg = Release|Any CPU
		{BF7960BF-6041-4533-88D6-36286D7459D5}.Release|Any CPU.Build.0 = Release|Any CPU
	EndGlobalSection
	GlobalSection(MonoDevelopProperties) = preSolution
		StartupItem = Core\Core.csproj
	EndGlobalSection
EndGlobal
